
Microsoft Visual Studio Solution File, Format Version 12.00
# Visual Studio 2013
VisualStudioVersion = 12.0.40629.0
MinimumVisualStudioVersion = 10.0.40219.1
Project("{FAE04EC0-301F-11D3-BF4B-00C04F79EFBC}") = "Strategy", "Strategy\Strategy.csproj", "{107AB6E8-59BF-49E3-9EC8-6AE3E99DF88D}"
EndProject
Project("{FAE04EC0-301F-11D3-BF4B-00C04F79EFBC}") = "ObserverPattern", "Observer\ObserverPattern.csproj", "{E9458C3D-F8D0-48FF-8E5F-C33F71C7E2A1}"
EndProject
Project("{FAE04EC0-301F-11D3-BF4B-00C04F79EFBC}") = "FactoryPattern", "FactoryPattern\FactoryPattern.csproj", "{A36FDF72-02F1-42E3-96CB-B96D34582D3B}"
EndProject
Project("{FAE04EC0-301F-11D3-BF4B-00C04F79EFBC}") = "AbstractFactory", "AbstractFactory\AbstractFactory.csproj", "{15948B42-5C7B-4C10-A626-8030020314A7}"
EndProject
Project("{2150E333-8FDC-42A3-9474-1A3956D46DE8}") = "Solution Items", "Solution Items", "{52FE59DC-6361-460F-A957-ADDE474F9391}"
EndProject
Global
	GlobalSection(SolutionConfigurationPlatforms) = preSolution
		Debug|Any CPU = Debug|Any CPU
		Release|Any CPU = Release|Any CPU
	EndGlobalSection
	GlobalSection(ProjectConfigurationPlatforms) = postSolution
		{107AB6E8-59BF-49E3-9EC8-6AE3E99DF88D}.Debug|Any CPU.ActiveCfg = Debug|Any CPU
		{107AB6E8-59BF-49E3-9EC8-6AE3E99DF88D}.Debug|Any CPU.Build.0 = Debug|Any CPU
		{107AB6E8-59BF-49E3-9EC8-6AE3E99DF88D}.Release|Any CPU.ActiveCfg = Release|Any CPU
		{107AB6E8-59BF-49E3-9EC8-6AE3E99DF88D}.Release|Any CPU.Build.0 = Release|Any CPU
		{E9458C3D-F8D0-48FF-8E5F-C33F71C7E2A1}.Debug|Any CPU.ActiveCfg = Debug|Any CPU
		{E9458C3D-F8D0-48FF-8E5F-C33F71C7E2A1}.Debug|Any CPU.Build.0 = Debug|Any CPU
		{E9458C3D-F8D0-48FF-8E5F-C33F71C7E2A1}.Release|Any CPU.ActiveCfg = Release|Any CPU
		{E9458C3D-F8D0-48FF-8E5F-C33F71C7E2A1}.Release|Any CPU.Build.0 = Release|Any CPU
		{A36FDF72-02F1-42E3-96CB-B96D34582D3B}.Debug|Any CPU.ActiveCfg = Debug|Any CPU
		{A36FDF72-02F1-42E3-96CB-B96D34582D3B}.Debug|Any CPU.Build.0 = Debug|Any CPU
		{A36FDF72-02F1-42E3-96CB-B96D34582D3B}.Release|Any CPU.ActiveCfg = Release|Any CPU
		{A36FDF72-02F1-42E3-96CB-B96D34582D3B}.Release|Any CPU.Build.0 = Release|Any CPU
		{15948B42-5C7B-4C10-A626-8030020314A7}.Debug|Any CPU.ActiveCfg = Debug|Any CPU
		{15948B42-5C7B-4C10-A626-8030020314A7}.Debug|Any CPU.Build.0 = Debug|Any CPU
		{15948B42-5C7B-4C10-A626-8030020314A7}.Release|Any CPU.ActiveCfg = Release|Any CPU
		{15948B42-5C7B-4C10-A626-8030020314A7}.Release|Any CPU.Build.0 = Release|Any CPU
	EndGlobalSection
	GlobalSection(SolutionProperties) = preSolution
		HideSolutionNode = FALSE
	EndGlobalSection
EndGlobal
