
Microsoft Visual Studio Solution File, Format Version 12.00
# Visual Studio 2013
VisualStudioVersion = 12.0.21005.1
MinimumVisualStudioVersion = 10.0.40219.1
Project("{2150E333-8FDC-42A3-9474-1A3956D46DE8}") = "NewFolder1", "NewFolder1", "{F83AA9FD-C2CB-4B7C-A1E8-5785B05DFAF0}"
EndProject
Project("{FAE04EC0-301F-11D3-BF4B-00C04F79EFBC}") = "ProgramPoints", "ProgramPoints\ProgramPoints.csproj", "{09FADA2B-C5E9-4D7D-BBFA-212677E4E802}"
EndProject
Project("{FAE04EC0-301F-11D3-BF4B-00C04F79EFBC}") = "Generics", "Generics\Generics.csproj", "{35A88EC0-9493-4FEE-B741-476A5B02B729}"
EndProject
Project("{FAE04EC0-301F-11D3-BF4B-00C04F79EFBC}") = "Matrix", "Matrix\Matrix.csproj", "{478F8EF0-0B56-4D74-8942-DDD92440F99B}"
EndProject
Project("{FAE04EC0-301F-11D3-BF4B-00C04F79EFBC}") = "VersionAttribute", "VersionAttribute\VersionAttribute.csproj", "{68D93419-C061-4BCB-8B1C-B33BF7651CF5}"
EndProject
Global
	GlobalSection(SolutionConfigurationPlatforms) = preSolution
		Debug|Any CPU = Debug|Any CPU
		Release|Any CPU = Release|Any CPU
	EndGlobalSection
	GlobalSection(ProjectConfigurationPlatforms) = postSolution
		{09FADA2B-C5E9-4D7D-BBFA-212677E4E802}.Debug|Any CPU.ActiveCfg = Debug|Any CPU
		{09FADA2B-C5E9-4D7D-BBFA-212677E4E802}.Debug|Any CPU.Build.0 = Debug|Any CPU
		{09FADA2B-C5E9-4D7D-BBFA-212677E4E802}.Release|Any CPU.ActiveCfg = Release|Any CPU
		{09FADA2B-C5E9-4D7D-BBFA-212677E4E802}.Release|Any CPU.Build.0 = Release|Any CPU
		{35A88EC0-9493-4FEE-B741-476A5B02B729}.Debug|Any CPU.ActiveCfg = Debug|Any CPU
		{35A88EC0-9493-4FEE-B741-476A5B02B729}.Debug|Any CPU.Build.0 = Debug|Any CPU
		{35A88EC0-9493-4FEE-B741-476A5B02B729}.Release|Any CPU.ActiveCfg = Release|Any CPU
		{35A88EC0-9493-4FEE-B741-476A5B02B729}.Release|Any CPU.Build.0 = Release|Any CPU
		{478F8EF0-0B56-4D74-8942-DDD92440F99B}.Debug|Any CPU.ActiveCfg = Debug|Any CPU
		{478F8EF0-0B56-4D74-8942-DDD92440F99B}.Debug|Any CPU.Build.0 = Debug|Any CPU
		{478F8EF0-0B56-4D74-8942-DDD92440F99B}.Release|Any CPU.ActiveCfg = Release|Any CPU
		{478F8EF0-0B56-4D74-8942-DDD92440F99B}.Release|Any CPU.Build.0 = Release|Any CPU
		{68D93419-C061-4BCB-8B1C-B33BF7651CF5}.Debug|Any CPU.ActiveCfg = Debug|Any CPU
		{68D93419-C061-4BCB-8B1C-B33BF7651CF5}.Debug|Any CPU.Build.0 = Debug|Any CPU
		{68D93419-C061-4BCB-8B1C-B33BF7651CF5}.Release|Any CPU.ActiveCfg = Release|Any CPU
		{68D93419-C061-4BCB-8B1C-B33BF7651CF5}.Release|Any CPU.Build.0 = Release|Any CPU
	EndGlobalSection
	GlobalSection(SolutionProperties) = preSolution
		HideSolutionNode = FALSE
	EndGlobalSection
	GlobalSection(NestedProjects) = preSolution
		{09FADA2B-C5E9-4D7D-BBFA-212677E4E802} = {F83AA9FD-C2CB-4B7C-A1E8-5785B05DFAF0}
		{35A88EC0-9493-4FEE-B741-476A5B02B729} = {F83AA9FD-C2CB-4B7C-A1E8-5785B05DFAF0}
		{478F8EF0-0B56-4D74-8942-DDD92440F99B} = {F83AA9FD-C2CB-4B7C-A1E8-5785B05DFAF0}
		{68D93419-C061-4BCB-8B1C-B33BF7651CF5} = {F83AA9FD-C2CB-4B7C-A1E8-5785B05DFAF0}
	EndGlobalSection
EndGlobal
