
Microsoft Visual Studio Solution File, Format Version 12.00
# Visual Studio 2013
VisualStudioVersion = 12.0.21005.1
MinimumVisualStudioVersion = 10.0.40219.1
Project("{FAE04EC0-301F-11D3-BF4B-00C04F79EFBC}") = "ExtensionMethods", "ExtensionMethods\ExtensionMethods.csproj", "{FCBBD0C8-7722-4CE7-8E2E-C2FFFFBBA89C}"
EndProject
Project("{FAE04EC0-301F-11D3-BF4B-00C04F79EFBC}") = "Delagates", "Delagates\Delagates.csproj", "{5115C32A-4879-4601-BB79-00558FA78678}"
EndProject
Project("{FAE04EC0-301F-11D3-BF4B-00C04F79EFBC}") = "PredefinedDelegates", "PredefinedDelegates\PredefinedDelegates.csproj", "{F1DBEC85-8082-4F2D-982A-1FDB31F22141}"
EndProject
Project("{FAE04EC0-301F-11D3-BF4B-00C04F79EFBC}") = "LambdaExpressions", "ЛамбдаЕьпрессионс\LambdaExpressions.csproj", "{0D11B55B-ABF3-468F-97EE-0ABAE734D928}"
EndProject
Global
	GlobalSection(SolutionConfigurationPlatforms) = preSolution
		Debug|Any CPU = Debug|Any CPU
		Release|Any CPU = Release|Any CPU
	EndGlobalSection
	GlobalSection(ProjectConfigurationPlatforms) = postSolution
		{FCBBD0C8-7722-4CE7-8E2E-C2FFFFBBA89C}.Debug|Any CPU.ActiveCfg = Debug|Any CPU
		{FCBBD0C8-7722-4CE7-8E2E-C2FFFFBBA89C}.Debug|Any CPU.Build.0 = Debug|Any CPU
		{FCBBD0C8-7722-4CE7-8E2E-C2FFFFBBA89C}.Release|Any CPU.ActiveCfg = Release|Any CPU
		{FCBBD0C8-7722-4CE7-8E2E-C2FFFFBBA89C}.Release|Any CPU.Build.0 = Release|Any CPU
		{5115C32A-4879-4601-BB79-00558FA78678}.Debug|Any CPU.ActiveCfg = Debug|Any CPU
		{5115C32A-4879-4601-BB79-00558FA78678}.Debug|Any CPU.Build.0 = Debug|Any CPU
		{5115C32A-4879-4601-BB79-00558FA78678}.Release|Any CPU.ActiveCfg = Release|Any CPU
		{5115C32A-4879-4601-BB79-00558FA78678}.Release|Any CPU.Build.0 = Release|Any CPU
		{F1DBEC85-8082-4F2D-982A-1FDB31F22141}.Debug|Any CPU.ActiveCfg = Debug|Any CPU
		{F1DBEC85-8082-4F2D-982A-1FDB31F22141}.Debug|Any CPU.Build.0 = Debug|Any CPU
		{F1DBEC85-8082-4F2D-982A-1FDB31F22141}.Release|Any CPU.ActiveCfg = Release|Any CPU
		{F1DBEC85-8082-4F2D-982A-1FDB31F22141}.Release|Any CPU.Build.0 = Release|Any CPU
		{0D11B55B-ABF3-468F-97EE-0ABAE734D928}.Debug|Any CPU.ActiveCfg = Debug|Any CPU
		{0D11B55B-ABF3-468F-97EE-0ABAE734D928}.Debug|Any CPU.Build.0 = Debug|Any CPU
		{0D11B55B-ABF3-468F-97EE-0ABAE734D928}.Release|Any CPU.ActiveCfg = Release|Any CPU
		{0D11B55B-ABF3-468F-97EE-0ABAE734D928}.Release|Any CPU.Build.0 = Release|Any CPU
	EndGlobalSection
	GlobalSection(SolutionProperties) = preSolution
		HideSolutionNode = FALSE
	EndGlobalSection
EndGlobal
