
Microsoft Visual Studio Solution File, Format Version 12.00
# Visual Studio 2013
VisualStudioVersion = 12.0.21005.1
MinimumVisualStudioVersion = 10.0.40219.1
Project("{FAE04EC0-301F-11D3-BF4B-00C04F79EFBC}") = "School", "School\School.csproj", "{5F60E64B-43CC-429E-ADFE-A717BC6DCDAD}"
EndProject
Project("{FAE04EC0-301F-11D3-BF4B-00C04F79EFBC}") = "School.Tests", "School.Tests\School.Tests.csproj", "{1F1B15B4-A45D-4DF6-91AE-A298877EE421}"
EndProject
Global
	GlobalSection(SolutionConfigurationPlatforms) = preSolution
		Debug|Any CPU = Debug|Any CPU
		Release|Any CPU = Release|Any CPU
	EndGlobalSection
	GlobalSection(ProjectConfigurationPlatforms) = postSolution
		{5F60E64B-43CC-429E-ADFE-A717BC6DCDAD}.Debug|Any CPU.ActiveCfg = Debug|Any CPU
		{5F60E64B-43CC-429E-ADFE-A717BC6DCDAD}.Debug|Any CPU.Build.0 = Debug|Any CPU
		{5F60E64B-43CC-429E-ADFE-A717BC6DCDAD}.Release|Any CPU.ActiveCfg = Release|Any CPU
		{5F60E64B-43CC-429E-ADFE-A717BC6DCDAD}.Release|Any CPU.Build.0 = Release|Any CPU
		{1F1B15B4-A45D-4DF6-91AE-A298877EE421}.Debug|Any CPU.ActiveCfg = Debug|Any CPU
		{1F1B15B4-A45D-4DF6-91AE-A298877EE421}.Debug|Any CPU.Build.0 = Debug|Any CPU
		{1F1B15B4-A45D-4DF6-91AE-A298877EE421}.Release|Any CPU.ActiveCfg = Release|Any CPU
		{1F1B15B4-A45D-4DF6-91AE-A298877EE421}.Release|Any CPU.Build.0 = Release|Any CPU
	EndGlobalSection
	GlobalSection(SolutionProperties) = preSolution
		HideSolutionNode = FALSE
	EndGlobalSection
EndGlobal
