
Microsoft Visual Studio Solution File, Format Version 12.00
# Visual Studio 2013
VisualStudioVersion = 12.0.21005.1
MinimumVisualStudioVersion = 10.0.40219.1
Project("{FAE04EC0-301F-11D3-BF4B-00C04F79EFBC}") = "01.MathProblem", "..\01.MathProblem\01.MathProblem.csproj", "{0B4FD790-BC12-4DA0-86B0-43A56F4D4EB4}"
EndProject
Project("{FAE04EC0-301F-11D3-BF4B-00C04F79EFBC}") = "02.SumOfDifferences", "..\02.SumOfDifferences\02.SumOfDifferences.csproj", "{82242F66-B235-4609-A73A-8A1773333311}"
EndProject
Global
	GlobalSection(SolutionConfigurationPlatforms) = preSolution
		Debug|Any CPU = Debug|Any CPU
		Release|Any CPU = Release|Any CPU
	EndGlobalSection
	GlobalSection(ProjectConfigurationPlatforms) = postSolution
		{0B4FD790-BC12-4DA0-86B0-43A56F4D4EB4}.Debug|Any CPU.ActiveCfg = Debug|Any CPU
		{0B4FD790-BC12-4DA0-86B0-43A56F4D4EB4}.Debug|Any CPU.Build.0 = Debug|Any CPU
		{0B4FD790-BC12-4DA0-86B0-43A56F4D4EB4}.Release|Any CPU.ActiveCfg = Release|Any CPU
		{0B4FD790-BC12-4DA0-86B0-43A56F4D4EB4}.Release|Any CPU.Build.0 = Release|Any CPU
		{82242F66-B235-4609-A73A-8A1773333311}.Debug|Any CPU.ActiveCfg = Debug|Any CPU
		{82242F66-B235-4609-A73A-8A1773333311}.Debug|Any CPU.Build.0 = Debug|Any CPU
		{82242F66-B235-4609-A73A-8A1773333311}.Release|Any CPU.ActiveCfg = Release|Any CPU
		{82242F66-B235-4609-A73A-8A1773333311}.Release|Any CPU.Build.0 = Release|Any CPU
	EndGlobalSection
	GlobalSection(SolutionProperties) = preSolution
		HideSolutionNode = FALSE
	EndGlobalSection
EndGlobal
