
Microsoft Visual Studio Solution File, Format Version 12.00
# Visual Studio 2013
VisualStudioVersion = 12.0.21005.1
MinimumVisualStudioVersion = 10.0.40219.1
Project("{FAE04EC0-301F-11D3-BF4B-00C04F79EFBC}") = "ExtensionMethods", "ExtensionMethods\ExtensionMethods.csproj", "{34EA5BF6-8CB9-4A7D-934D-789AD233B9D7}"
EndProject
Project("{2150E333-8FDC-42A3-9474-1A3956D46DE8}") = "Task 1-5", "Task 1-5", "{21DC12AE-AC37-497B-9AE9-93722FAB40B7}"
EndProject
Project("{2150E333-8FDC-42A3-9474-1A3956D46DE8}") = "Task 6", "Task 6", "{0FF5F2A8-0490-4325-B932-48AF019269FD}"
EndProject
Project("{FAE04EC0-301F-11D3-BF4B-00C04F79EFBC}") = "Division", "Division\Division.csproj", "{795BEDC8-1B98-4303-AC4A-6F974BD75E36}"
EndProject
Global
	GlobalSection(SolutionConfigurationPlatforms) = preSolution
		Debug|Any CPU = Debug|Any CPU
		Release|Any CPU = Release|Any CPU
	EndGlobalSection
	GlobalSection(ProjectConfigurationPlatforms) = postSolution
		{34EA5BF6-8CB9-4A7D-934D-789AD233B9D7}.Debug|Any CPU.ActiveCfg = Debug|Any CPU
		{34EA5BF6-8CB9-4A7D-934D-789AD233B9D7}.Debug|Any CPU.Build.0 = Debug|Any CPU
		{34EA5BF6-8CB9-4A7D-934D-789AD233B9D7}.Release|Any CPU.ActiveCfg = Release|Any CPU
		{34EA5BF6-8CB9-4A7D-934D-789AD233B9D7}.Release|Any CPU.Build.0 = Release|Any CPU
		{795BEDC8-1B98-4303-AC4A-6F974BD75E36}.Debug|Any CPU.ActiveCfg = Debug|Any CPU
		{795BEDC8-1B98-4303-AC4A-6F974BD75E36}.Debug|Any CPU.Build.0 = Debug|Any CPU
		{795BEDC8-1B98-4303-AC4A-6F974BD75E36}.Release|Any CPU.ActiveCfg = Release|Any CPU
		{795BEDC8-1B98-4303-AC4A-6F974BD75E36}.Release|Any CPU.Build.0 = Release|Any CPU
	EndGlobalSection
	GlobalSection(SolutionProperties) = preSolution
		HideSolutionNode = FALSE
	EndGlobalSection
	GlobalSection(NestedProjects) = preSolution
		{34EA5BF6-8CB9-4A7D-934D-789AD233B9D7} = {21DC12AE-AC37-497B-9AE9-93722FAB40B7}
		{795BEDC8-1B98-4303-AC4A-6F974BD75E36} = {0FF5F2A8-0490-4325-B932-48AF019269FD}
	EndGlobalSection
EndGlobal
