
Microsoft Visual Studio Solution File, Format Version 12.00
# Visual Studio 14
VisualStudioVersion = 14.0.23107.0
MinimumVisualStudioVersion = 10.0.40219.1
Project("{2150E333-8FDC-42A3-9474-1A3956D46DE8}") = "Data", "Data", "{C58B4BCA-1231-4F58-80B3-6D4A40AE5D20}"
EndProject
Project("{FAE04EC0-301F-11D3-BF4B-00C04F79EFBC}") = "BullsAndCows.Data.Models", "Data\BullsAndCows.Data.Models\BullsAndCows.Data.Models.csproj", "{07DF68D2-E132-4933-AC10-13738D813305}"
EndProject
Project("{FAE04EC0-301F-11D3-BF4B-00C04F79EFBC}") = "BullsAndCows.Data", "Data\BullsAndCows.Data\BullsAndCows.Data.csproj", "{9F72B49F-1FCF-4E7F-A3DD-CDB318F5F82A}"
EndProject
Project("{2150E333-8FDC-42A3-9474-1A3956D46DE8}") = "Services", "Services", "{EF250FA1-DC99-462B-BB4C-9B913B6CE363}"
EndProject
Project("{2150E333-8FDC-42A3-9474-1A3956D46DE8}") = "Web", "Web", "{F3F54B8C-2874-44F3-8306-F31D776951D4}"
EndProject
Project("{FAE04EC0-301F-11D3-BF4B-00C04F79EFBC}") = "BullsAndCows.Web.Api", "Web\BullsAndCows.Web.Api\BullsAndCows.Web.Api.csproj", "{ABC36ABB-6A7F-4182-8747-7577F5BEB01A}"
EndProject
Project("{2150E333-8FDC-42A3-9474-1A3956D46DE8}") = "Tests", "Tests", "{AA903AE3-B38E-454B-B79C-9BFC531F757D}"
EndProject
Project("{FAE04EC0-301F-11D3-BF4B-00C04F79EFBC}") = "BullsAndCows.Services.Data", "Services\BullsAndCows.Services.Data\BullsAndCows.Services.Data.csproj", "{38A185FA-D388-4BF3-831E-A5DE4EBA7EB3}"
EndProject
Project("{FAE04EC0-301F-11D3-BF4B-00C04F79EFBC}") = "BullsAndCows.Web.DtoModels", "BullsAndCows.Web.DtoModels\BullsAndCows.Web.DtoModels.csproj", "{48CBE01D-DDE4-4A03-ADF1-27A9B3C8CF79}"
EndProject
Project("{FAE04EC0-301F-11D3-BF4B-00C04F79EFBC}") = "BullsAndCows.Web.Common", "BullsAndCows.Web.Common\BullsAndCows.Web.Common.csproj", "{65748E16-4D80-4962-BF13-63DDF00288B2}"
EndProject
Global
	GlobalSection(SolutionConfigurationPlatforms) = preSolution
		Debug|Any CPU = Debug|Any CPU
		Release|Any CPU = Release|Any CPU
	EndGlobalSection
	GlobalSection(ProjectConfigurationPlatforms) = postSolution
		{07DF68D2-E132-4933-AC10-13738D813305}.Debug|Any CPU.ActiveCfg = Debug|Any CPU
		{07DF68D2-E132-4933-AC10-13738D813305}.Debug|Any CPU.Build.0 = Debug|Any CPU
		{07DF68D2-E132-4933-AC10-13738D813305}.Release|Any CPU.ActiveCfg = Release|Any CPU
		{07DF68D2-E132-4933-AC10-13738D813305}.Release|Any CPU.Build.0 = Release|Any CPU
		{9F72B49F-1FCF-4E7F-A3DD-CDB318F5F82A}.Debug|Any CPU.ActiveCfg = Debug|Any CPU
		{9F72B49F-1FCF-4E7F-A3DD-CDB318F5F82A}.Debug|Any CPU.Build.0 = Debug|Any CPU
		{9F72B49F-1FCF-4E7F-A3DD-CDB318F5F82A}.Release|Any CPU.ActiveCfg = Release|Any CPU
		{9F72B49F-1FCF-4E7F-A3DD-CDB318F5F82A}.Release|Any CPU.Build.0 = Release|Any CPU
		{ABC36ABB-6A7F-4182-8747-7577F5BEB01A}.Debug|Any CPU.ActiveCfg = Debug|Any CPU
		{ABC36ABB-6A7F-4182-8747-7577F5BEB01A}.Debug|Any CPU.Build.0 = Debug|Any CPU
		{ABC36ABB-6A7F-4182-8747-7577F5BEB01A}.Release|Any CPU.ActiveCfg = Release|Any CPU
		{ABC36ABB-6A7F-4182-8747-7577F5BEB01A}.Release|Any CPU.Build.0 = Release|Any CPU
		{38A185FA-D388-4BF3-831E-A5DE4EBA7EB3}.Debug|Any CPU.ActiveCfg = Debug|Any CPU
		{38A185FA-D388-4BF3-831E-A5DE4EBA7EB3}.Debug|Any CPU.Build.0 = Debug|Any CPU
		{38A185FA-D388-4BF3-831E-A5DE4EBA7EB3}.Release|Any CPU.ActiveCfg = Release|Any CPU
		{38A185FA-D388-4BF3-831E-A5DE4EBA7EB3}.Release|Any CPU.Build.0 = Release|Any CPU
		{48CBE01D-DDE4-4A03-ADF1-27A9B3C8CF79}.Debug|Any CPU.ActiveCfg = Debug|Any CPU
		{48CBE01D-DDE4-4A03-ADF1-27A9B3C8CF79}.Debug|Any CPU.Build.0 = Debug|Any CPU
		{48CBE01D-DDE4-4A03-ADF1-27A9B3C8CF79}.Release|Any CPU.ActiveCfg = Release|Any CPU
		{48CBE01D-DDE4-4A03-ADF1-27A9B3C8CF79}.Release|Any CPU.Build.0 = Release|Any CPU
		{65748E16-4D80-4962-BF13-63DDF00288B2}.Debug|Any CPU.ActiveCfg = Debug|Any CPU
		{65748E16-4D80-4962-BF13-63DDF00288B2}.Debug|Any CPU.Build.0 = Debug|Any CPU
		{65748E16-4D80-4962-BF13-63DDF00288B2}.Release|Any CPU.ActiveCfg = Release|Any CPU
		{65748E16-4D80-4962-BF13-63DDF00288B2}.Release|Any CPU.Build.0 = Release|Any CPU
	EndGlobalSection
	GlobalSection(SolutionProperties) = preSolution
		HideSolutionNode = FALSE
	EndGlobalSection
	GlobalSection(NestedProjects) = preSolution
		{07DF68D2-E132-4933-AC10-13738D813305} = {C58B4BCA-1231-4F58-80B3-6D4A40AE5D20}
		{9F72B49F-1FCF-4E7F-A3DD-CDB318F5F82A} = {C58B4BCA-1231-4F58-80B3-6D4A40AE5D20}
		{ABC36ABB-6A7F-4182-8747-7577F5BEB01A} = {F3F54B8C-2874-44F3-8306-F31D776951D4}
		{38A185FA-D388-4BF3-831E-A5DE4EBA7EB3} = {EF250FA1-DC99-462B-BB4C-9B913B6CE363}
		{48CBE01D-DDE4-4A03-ADF1-27A9B3C8CF79} = {F3F54B8C-2874-44F3-8306-F31D776951D4}
		{65748E16-4D80-4962-BF13-63DDF00288B2} = {F3F54B8C-2874-44F3-8306-F31D776951D4}
	EndGlobalSection
EndGlobal
