
Microsoft Visual Studio Solution File, Format Version 12.00
# Visual Studio 14
VisualStudioVersion = 14.0.23107.0
MinimumVisualStudioVersion = 10.0.40219.1
Project("{FAE04EC0-301F-11D3-BF4B-00C04F79EFBC}") = "Portals", "Portals\Portals.csproj", "{843C734F-7954-4621-9B87-74D1A6BDDFD8}"
EndProject
Project("{FAE04EC0-301F-11D3-BF4B-00C04F79EFBC}") = "Hamiltonian", "ConsoleApplication1\Hamiltonian.csproj", "{F01B8246-C0FB-440C-AA8F-D07E3A5477C6}"
EndProject
Project("{FAE04EC0-301F-11D3-BF4B-00C04F79EFBC}") = "Euler", "Euler\Euler.csproj", "{41B52461-048C-464C-9219-880201996CF5}"
EndProject
Global
	GlobalSection(SolutionConfigurationPlatforms) = preSolution
		Debug|Any CPU = Debug|Any CPU
		Release|Any CPU = Release|Any CPU
	EndGlobalSection
	GlobalSection(ProjectConfigurationPlatforms) = postSolution
		{843C734F-7954-4621-9B87-74D1A6BDDFD8}.Debug|Any CPU.ActiveCfg = Debug|Any CPU
		{843C734F-7954-4621-9B87-74D1A6BDDFD8}.Debug|Any CPU.Build.0 = Debug|Any CPU
		{843C734F-7954-4621-9B87-74D1A6BDDFD8}.Release|Any CPU.ActiveCfg = Release|Any CPU
		{843C734F-7954-4621-9B87-74D1A6BDDFD8}.Release|Any CPU.Build.0 = Release|Any CPU
		{F01B8246-C0FB-440C-AA8F-D07E3A5477C6}.Debug|Any CPU.ActiveCfg = Debug|Any CPU
		{F01B8246-C0FB-440C-AA8F-D07E3A5477C6}.Debug|Any CPU.Build.0 = Debug|Any CPU
		{F01B8246-C0FB-440C-AA8F-D07E3A5477C6}.Release|Any CPU.ActiveCfg = Release|Any CPU
		{F01B8246-C0FB-440C-AA8F-D07E3A5477C6}.Release|Any CPU.Build.0 = Release|Any CPU
		{41B52461-048C-464C-9219-880201996CF5}.Debug|Any CPU.ActiveCfg = Debug|Any CPU
		{41B52461-048C-464C-9219-880201996CF5}.Debug|Any CPU.Build.0 = Debug|Any CPU
		{41B52461-048C-464C-9219-880201996CF5}.Release|Any CPU.ActiveCfg = Release|Any CPU
		{41B52461-048C-464C-9219-880201996CF5}.Release|Any CPU.Build.0 = Release|Any CPU
	EndGlobalSection
	GlobalSection(SolutionProperties) = preSolution
		HideSolutionNode = FALSE
	EndGlobalSection
EndGlobal
